
Microsoft Visual Studio Solution File, Format Version 12.00
# Visual Studio Version 16
VisualStudioVersion = 16.0.31829.152
MinimumVisualStudioVersion = 10.0.40219.1
Project("{FAE04EC0-301F-11D3-BF4B-00C04F79EFBC}") = "VS6.1.1", "VS6.1.1\VS6.1.1.csproj", "{194B7775-C31D-4D07-962E-696691EE0EE5}"
EndProject
Project("{FAE04EC0-301F-11D3-BF4B-00C04F79EFBC}") = "VS6.1.2", "VS6.1.3\VS6.1.2.csproj", "{AD7CE26D-E158-4257-8D91-CC70770A908C}"
EndProject
Project("{FAE04EC0-301F-11D3-BF4B-00C04F79EFBC}") = "VS6.1.3", "VS6.1.4\VS6.1.3.csproj", "{D04BB16A-F4F3-40FF-B164-A525F960E060}"
EndProject
Global
	GlobalSection(SolutionConfigurationPlatforms) = preSolution
		Debug|Any CPU = Debug|Any CPU
		Release|Any CPU = Release|Any CPU
	EndGlobalSection
	GlobalSection(ProjectConfigurationPlatforms) = postSolution
		{194B7775-C31D-4D07-962E-696691EE0EE5}.Debug|Any CPU.ActiveCfg = Debug|Any CPU
		{194B7775-C31D-4D07-962E-696691EE0EE5}.Debug|Any CPU.Build.0 = Debug|Any CPU
		{194B7775-C31D-4D07-962E-696691EE0EE5}.Release|Any CPU.ActiveCfg = Release|Any CPU
		{194B7775-C31D-4D07-962E-696691EE0EE5}.Release|Any CPU.Build.0 = Release|Any CPU
		{AD7CE26D-E158-4257-8D91-CC70770A908C}.Debug|Any CPU.ActiveCfg = Debug|Any CPU
		{AD7CE26D-E158-4257-8D91-CC70770A908C}.Debug|Any CPU.Build.0 = Debug|Any CPU
		{AD7CE26D-E158-4257-8D91-CC70770A908C}.Release|Any CPU.ActiveCfg = Release|Any CPU
		{AD7CE26D-E158-4257-8D91-CC70770A908C}.Release|Any CPU.Build.0 = Release|Any CPU
		{D04BB16A-F4F3-40FF-B164-A525F960E060}.Debug|Any CPU.ActiveCfg = Debug|Any CPU
		{D04BB16A-F4F3-40FF-B164-A525F960E060}.Debug|Any CPU.Build.0 = Debug|Any CPU
		{D04BB16A-F4F3-40FF-B164-A525F960E060}.Release|Any CPU.ActiveCfg = Release|Any CPU
		{D04BB16A-F4F3-40FF-B164-A525F960E060}.Release|Any CPU.Build.0 = Release|Any CPU
	EndGlobalSection
	GlobalSection(SolutionProperties) = preSolution
		HideSolutionNode = FALSE
	EndGlobalSection
	GlobalSection(ExtensibilityGlobals) = postSolution
		SolutionGuid = {9F03611E-5F32-4BA6-B7DD-FB1047A81E4B}
	EndGlobalSection
EndGlobal
